<?xml version="1.0" encoding="utf-8"?>
<Project ToolsVersion="4.0" xmlns="http://schemas.microsoft.com/developer/msbuild/2003">
  <ItemGroup>
    <Filter Include="ソース ファイル">
      <UniqueIdentifier>{4FC737F1-C7A5-4376-A066-2A32D752A2FF}</UniqueIdentifier>
      <Extensions>cpp;c;cc;cxx;c++;cppm;ixx;def;odl;idl;hpj;bat;asm;asmx</Extensions>
    </Filter>
    <Filter Include="ヘッダー ファイル">
      <UniqueIdentifier>{93995380-89BD-4b04-88EB-625FBE52EBFB}</UniqueIdentifier>
      <Extensions>h;hh;hpp;hxx;h++;hm;inl;inc;ipp;xsd</Extensions>
    </Filter>
    <Filter Include="リソース ファイル">
      <UniqueIdentifier>{67DA6AB6-F800-4c08-8B7A-83BB121AAD01}</UniqueIdentifier>
      <Extensions>rc;ico;cur;bmp;dlg;rc2;rct;bin;rgs;gif;jpg;jpeg;jpe;resx;tiff;tif;png;wav;mfcribbon-ms</Extensions>
    </Filter>
    <Filter Include="HLSL">
      <UniqueIdentifier>{b0d3dcc8-3128-4fdc-8191-45801224cbe9}</UniqueIdentifier>
    </Filter>
    <Filter Include="CordingRules">
      <UniqueIdentifier>{10c6a075-0fbf-4dcd-9699-f992cdd2686a}</UniqueIdentifier>
    </Filter>
    <Filter Include="HLSL\HEAD">
      <UniqueIdentifier>{f5a48783-a24c-4e7a-a256-732187e33055}</UniqueIdentifier>
    </Filter>
    <Filter Include="memo">
      <UniqueIdentifier>{c73a07c9-11ad-455c-bdc6-e65eda9d600d}</UniqueIdentifier>
    </Filter>
    <Filter Include="HLSL\VS">
      <UniqueIdentifier>{d20d67e4-bcff-4977-b334-fce00d2d227b}</UniqueIdentifier>
    </Filter>
    <Filter Include="HLSL\PS">
      <UniqueIdentifier>{7cc07e99-48cc-41ba-bf6a-e72ce9fafb34}</UniqueIdentifier>
    </Filter>
    <Filter Include="HLSL\PS\Defferd">
      <UniqueIdentifier>{e75db754-c5ea-4c86-b4f3-6b7b9d9c0539}</UniqueIdentifier>
    </Filter>
    <Filter Include="HLSL\PS\Defferd\GPath">
      <UniqueIdentifier>{de74d267-4295-4da8-9648-1b838c090c2d}</UniqueIdentifier>
    </Filter>
    <Filter Include="HLSL\PS\Defferd\LightingPath">
      <UniqueIdentifier>{514041eb-096d-4df1-8e7c-9ee0dcecaded}</UniqueIdentifier>
    </Filter>
    <Filter Include="HLSL\PS\Foward">
      <UniqueIdentifier>{fb9ba330-0d8e-4dce-9581-e1729ec3b250}</UniqueIdentifier>
    </Filter>
    <Filter Include="HLSL\PS\PostEffect">
      <UniqueIdentifier>{f62cc94b-ba6b-483e-99c1-30e861c2fda3}</UniqueIdentifier>
    </Filter>
    <Filter Include="HLSL\Shadow">
      <UniqueIdentifier>{177728a2-120a-419f-9cb5-4b5ee0105b8a}</UniqueIdentifier>
    </Filter>
    <Filter Include="ソース ファイル\Game">
      <UniqueIdentifier>{81caf9d2-367b-46f4-8566-d65a9dfb6fcc}</UniqueIdentifier>
    </Filter>
    <Filter Include="外部ライブラリ">
      <UniqueIdentifier>{6cd6a253-815f-4622-83d5-f30285689ec7}</UniqueIdentifier>
    </Filter>
    <Filter Include="外部ライブラリ\ImGui">
      <UniqueIdentifier>{afbe45dc-d44f-4d67-a9a0-bb54a0bcda0d}</UniqueIdentifier>
    </Filter>
    <Filter Include="項目テンプレ">
      <UniqueIdentifier>{b7d6911a-174b-4ae6-876b-054174c67341}</UniqueIdentifier>
    </Filter>
    <Filter Include="ソース ファイル\Game\Component">
      <UniqueIdentifier>{d5c4c426-4745-498a-9983-68356c09d097}</UniqueIdentifier>
    </Filter>
    <Filter Include="ソース ファイル\Game\Component\Player">
      <UniqueIdentifier>{f1d6915a-5824-41c8-bd1f-817eea48205c}</UniqueIdentifier>
    </Filter>
    <Filter Include="ソース ファイル\Game\Component\Building">
      <UniqueIdentifier>{98a8be31-7d89-4b47-b8b2-05976746ce62}</UniqueIdentifier>
    </Filter>
    <Filter Include="ソース ファイル\Game\Component\Building\State_Building">
      <UniqueIdentifier>{93638b94-306b-4f19-abe5-c8ad00379e96}</UniqueIdentifier>
    </Filter>
    <Filter Include="ソース ファイル\Game\Component\UI">
      <UniqueIdentifier>{37f4d51c-0b8e-4a97-8c45-9314ff031625}</UniqueIdentifier>
    </Filter>
    <Filter Include="ソース ファイル\Game\Component\Enemy">
      <UniqueIdentifier>{34f80822-c366-4a67-8237-38f26552564f}</UniqueIdentifier>
    </Filter>
    <Filter Include="ソース ファイル\Game\Component\Enemy\State_Ant">
      <UniqueIdentifier>{e6f22279-2d15-4337-8f78-ca333e4d7010}</UniqueIdentifier>
    </Filter>
    <Filter Include="ソース ファイル\Game\Component\Enemy\State_Ant\Active">
      <UniqueIdentifier>{937c8d4c-69cb-4bf1-a82d-3d0f82d2afe2}</UniqueIdentifier>
    </Filter>
    <Filter Include="ソース ファイル\Game\Component\Enemy\State_Ant\Patrol">
      <UniqueIdentifier>{0735c5e9-e9fb-479a-8392-3720bdef1e41}</UniqueIdentifier>
    </Filter>
    <Filter Include="ソース ファイル\Game\Component\Item">
      <UniqueIdentifier>{c7bae98e-134a-4abd-adef-d55843ee2522}</UniqueIdentifier>
    </Filter>
    <Filter Include="ソース ファイル\Game\Component\Enemy\State_Octahedron">
      <UniqueIdentifier>{658c3605-c934-40cf-bb95-dc162d12f607}</UniqueIdentifier>
    </Filter>
    <Filter Include="ソース ファイル\Game\Component\Enemy\State_Octahedron\Active">
      <UniqueIdentifier>{c761bab5-39c9-41d6-b3aa-6b1082f5f60c}</UniqueIdentifier>
    </Filter>
    <Filter Include="ソース ファイル\Game\Component\Enemy\State_Octahedron\Patrol">
      <UniqueIdentifier>{af5aab4e-de94-433f-8d16-db2081328e8f}</UniqueIdentifier>
    </Filter>
    <Filter Include="ソース ファイル\Constant">
      <UniqueIdentifier>{53d4c155-2ccd-4fcb-8e3d-c1c90f153528}</UniqueIdentifier>
    </Filter>
    <Filter Include="ソース ファイル\Game\Component\Weapon">
      <UniqueIdentifier>{209a994f-57aa-40b1-a209-2727fce6b4b4}</UniqueIdentifier>
    </Filter>
    <Filter Include="ソース ファイル\Game\Component\Weapon\Bullet">
      <UniqueIdentifier>{2634a016-9b75-45f7-a1de-9b7c72740b15}</UniqueIdentifier>
    </Filter>
    <Filter Include="ソース ファイル\Game\Component\Weapon\Gun">
      <UniqueIdentifier>{98fe35fe-a629-425a-8351-aaf3ad34af5f}</UniqueIdentifier>
    </Filter>
    <Filter Include="ソース ファイル\Game\Component\Weapon\Gun\State">
      <UniqueIdentifier>{a128b6e8-5f98-4aa6-9598-5ad70908ef49}</UniqueIdentifier>
    </Filter>
    <Filter Include="ソース ファイル\Game\Scene">
      <UniqueIdentifier>{8a5958dd-6daa-4a39-b22a-699ee97eaade}</UniqueIdentifier>
    </Filter>
    <Filter Include="ソース ファイル\Game\Scene\Title">
      <UniqueIdentifier>{e7cf2ee8-ba38-41b7-9550-8d3f6bbfbb5f}</UniqueIdentifier>
    </Filter>
    <Filter Include="ソース ファイル\Game\Scene\Game">
      <UniqueIdentifier>{893dea6c-ff6d-4704-8ca4-97c1a21ccf37}</UniqueIdentifier>
    </Filter>
    <Filter Include="ソース ファイル\Game\Scene\Result">
      <UniqueIdentifier>{cb343d01-e87d-425e-ba78-85e3a10a87e2}</UniqueIdentifier>
    </Filter>
    <Filter Include="ソース ファイル\Game\Scene\Head">
      <UniqueIdentifier>{6b7b7f36-9bb9-44aa-9da9-e255c8167cae}</UniqueIdentifier>
    </Filter>
    <Filter Include="ソース ファイル\Game\Component\Weapon\Bullet\Behaviour">
      <UniqueIdentifier>{296eee15-12e9-4b1a-8b3d-f4e51edb9511}</UniqueIdentifier>
    </Filter>
    <Filter Include="ソース ファイル\Game\Component\Character">
      <UniqueIdentifier>{c5b77df7-9a72-44d0-9b54-ab56bb2a353b}</UniqueIdentifier>
    </Filter>
    <Filter Include="ソース ファイル\Engine">
      <UniqueIdentifier>{14a4eae3-d5e5-482a-b82a-5ca3b06201de}</UniqueIdentifier>
    </Filter>
    <Filter Include="ソース ファイル\Engine\App">
      <UniqueIdentifier>{09bad568-1f75-4533-a715-e927b15a5256}</UniqueIdentifier>
    </Filter>
    <Filter Include="ソース ファイル\Engine\BaseComponent">
      <UniqueIdentifier>{3b7d2d54-5de9-4946-863e-76d7b31b612a}</UniqueIdentifier>
    </Filter>
    <Filter Include="ソース ファイル\Engine\BaseComponent\Camera">
      <UniqueIdentifier>{fb43e8a1-5573-4ccd-bd25-3ff510b7fdb1}</UniqueIdentifier>
    </Filter>
    <Filter Include="ソース ファイル\Engine\BaseComponent\Utility">
      <UniqueIdentifier>{75a97a67-7ffb-40ed-b03a-0cb20f935867}</UniqueIdentifier>
    </Filter>
    <Filter Include="ソース ファイル\Engine\BaseComponent\Light">
      <UniqueIdentifier>{2f0323dd-a2e0-4ba8-9884-89a0b94d8278}</UniqueIdentifier>
    </Filter>
    <Filter Include="ソース ファイル\Engine\BaseComponent\Collision">
      <UniqueIdentifier>{a8973ed6-677a-4fee-9557-46e33ba05d2b}</UniqueIdentifier>
    </Filter>
    <Filter Include="ソース ファイル\Engine\BaseComponent\AI">
      <UniqueIdentifier>{836ada99-b7b5-4aa9-abae-85ceeee5b225}</UniqueIdentifier>
    </Filter>
    <Filter Include="ソース ファイル\Engine\BaseComponent\Move">
      <UniqueIdentifier>{fe4f9adf-294d-4b9b-800b-b2ef6bfb6fc9}</UniqueIdentifier>
    </Filter>
    <Filter Include="ソース ファイル\Engine\BaseComponent\Move\Behaviour">
      <UniqueIdentifier>{89d84ff6-264b-4b4e-81d7-3f3ca4a98823}</UniqueIdentifier>
    </Filter>
    <Filter Include="ソース ファイル\Engine\BaseComponent\UI">
      <UniqueIdentifier>{c7047aca-94d7-478d-b2ba-35e6b8e0cbed}</UniqueIdentifier>
    </Filter>
    <Filter Include="ソース ファイル\Engine\BaseComponent\Effect">
      <UniqueIdentifier>{7d07187a-6b47-4bc0-b449-0855f0bf640a}</UniqueIdentifier>
    </Filter>
    <Filter Include="ソース ファイル\Engine\Collision">
      <UniqueIdentifier>{eb954da3-785f-4981-81aa-e631be68c888}</UniqueIdentifier>
    </Filter>
    <Filter Include="ソース ファイル\Engine\Editor">
      <UniqueIdentifier>{5d9de550-829d-4bc9-b7ac-2c892411e2e0}</UniqueIdentifier>
    </Filter>
    <Filter Include="ソース ファイル\Engine\Editor\Base">
      <UniqueIdentifier>{4cd08c0b-e04a-49bf-9a70-19657a71d48a}</UniqueIdentifier>
    </Filter>
    <Filter Include="ソース ファイル\Engine\Editor\Hierarchy">
      <UniqueIdentifier>{698e1ccf-eb65-4f87-851b-c32aed704bca}</UniqueIdentifier>
    </Filter>
    <Filter Include="ソース ファイル\Engine\Editor\Hierarchy\Editors">
      <UniqueIdentifier>{ae09f345-facf-4075-b687-0d3da926457b}</UniqueIdentifier>
    </Filter>
    <Filter Include="ソース ファイル\Engine\Editor\Inspector">
      <UniqueIdentifier>{5ca47c66-02af-4005-af24-e6a245cf2226}</UniqueIdentifier>
    </Filter>
    <Filter Include="ソース ファイル\Engine\Graphics">
      <UniqueIdentifier>{08e8e6d4-6635-4fdb-8460-3d70d7028a4e}</UniqueIdentifier>
    </Filter>
    <Filter Include="ソース ファイル\Engine\Graphics\Model">
      <UniqueIdentifier>{48de53c3-832a-4e02-b0e3-cc93c099469f}</UniqueIdentifier>
    </Filter>
    <Filter Include="ソース ファイル\Engine\Graphics\Whrite">
      <UniqueIdentifier>{cc63a2e9-6ffb-41a1-a853-972f24ea9d86}</UniqueIdentifier>
    </Filter>
    <Filter Include="ソース ファイル\Engine\Graphics\Texture">
      <UniqueIdentifier>{fb3439f6-c135-4dcb-a37f-d005e554c0e2}</UniqueIdentifier>
    </Filter>
    <Filter Include="ソース ファイル\Engine\Graphics\Mesh">
      <UniqueIdentifier>{bafc75b9-3c24-49e3-8770-86b28c29f827}</UniqueIdentifier>
    </Filter>
    <Filter Include="ソース ファイル\Engine\Graphics\Material">
      <UniqueIdentifier>{20babb4d-5770-42c0-aaa3-d3ab385ae60f}</UniqueIdentifier>
    </Filter>
    <Filter Include="ソース ファイル\Engine\Graphics\BlendState">
      <UniqueIdentifier>{5de9c1bd-cbfb-4dcc-a801-0adf59c3b6fa}</UniqueIdentifier>
    </Filter>
    <Filter Include="ソース ファイル\Engine\Graphics\Buffers">
      <UniqueIdentifier>{e08e2b78-9973-4b02-bc64-ef34220503bb}</UniqueIdentifier>
    </Filter>
    <Filter Include="ソース ファイル\Engine\Graphics\RT">
      <UniqueIdentifier>{e9bf896b-0eb7-47a5-b946-b7ef37ba334c}</UniqueIdentifier>
    </Filter>
    <Filter Include="ソース ファイル\Engine\Graphics\Shader">
      <UniqueIdentifier>{cea0957e-fb00-4b9e-9786-dfc048c57a74}</UniqueIdentifier>
    </Filter>
    <Filter Include="ソース ファイル\Engine\Graphics\PostEffect">
      <UniqueIdentifier>{c34b52ab-c1cc-45f3-be12-abdaad252fb7}</UniqueIdentifier>
    </Filter>
    <Filter Include="ソース ファイル\Engine\Obj">
      <UniqueIdentifier>{940e95da-f705-46e9-a047-358330580596}</UniqueIdentifier>
    </Filter>
    <Filter Include="ソース ファイル\Engine\PCH">
      <UniqueIdentifier>{1b0c2bc8-7ed0-4a39-b5a3-4c8f7308f4e0}</UniqueIdentifier>
    </Filter>
    <Filter Include="ソース ファイル\Engine\Renderer">
      <UniqueIdentifier>{c1a71249-2e19-4edc-8667-6e871eb213c1}</UniqueIdentifier>
    </Filter>
    <Filter Include="ソース ファイル\Engine\State">
      <UniqueIdentifier>{75ef6144-9f7a-4683-a5e9-1a09cea23061}</UniqueIdentifier>
    </Filter>
    <Filter Include="ソース ファイル\Engine\Tool">
      <UniqueIdentifier>{b611cbcb-2a22-4c94-a969-28aa8eee683e}</UniqueIdentifier>
    </Filter>
    <Filter Include="ソース ファイル\Engine\Tool\KeyInput">
      <UniqueIdentifier>{a1980733-d51b-4ed1-a9ff-64a6989af973}</UniqueIdentifier>
    </Filter>
    <Filter Include="ソース ファイル\Engine\Tool\Math">
      <UniqueIdentifier>{d5ed85c1-c2a3-4c88-b79d-6b51f760cf3c}</UniqueIdentifier>
    </Filter>
    <Filter Include="ソース ファイル\Singleton">
      <UniqueIdentifier>{1e12f4f9-01e9-43b3-a45a-8ab752c8a575}</UniqueIdentifier>
    </Filter>
    <Filter Include="ソース ファイル\Singleton\Resource">
      <UniqueIdentifier>{fff6d0a5-48bd-4782-8e4c-2dbd78ffa18b}</UniqueIdentifier>
    </Filter>
    <Filter Include="ソース ファイル\Singleton\Debug">
      <UniqueIdentifier>{9441158a-e1c1-4abf-8ca1-94ecae377402}</UniqueIdentifier>
    </Filter>
    <Filter Include="ソース ファイル\Singleton\Game">
      <UniqueIdentifier>{d44112ab-93c3-4519-9457-3e1961f8c335}</UniqueIdentifier>
    </Filter>
    <Filter Include="ソース ファイル\Singleton\System">
      <UniqueIdentifier>{a0f6342e-6725-4835-ba37-820d524c3070}</UniqueIdentifier>
    </Filter>
    <Filter Include="ソース ファイル\Singleton\Graphic">
      <UniqueIdentifier>{2d2f4f6a-3f73-40e4-b9e4-b250a2984f3a}</UniqueIdentifier>
    </Filter>
    <Filter Include="ソース ファイル\Engine\Graphics\Frustum">
      <UniqueIdentifier>{1c611a1b-33f7-4178-a2c7-dc576bb73001}</UniqueIdentifier>
    </Filter>
    <Filter Include="ソース ファイル\Game\StateFactory">
      <UniqueIdentifier>{1a9eeeef-f0da-47f3-a365-29d517591dff}</UniqueIdentifier>
    </Filter>
    <Filter Include="ソース ファイル\Engine\Tool\Utils">
      <UniqueIdentifier>{e6765cc9-2aa2-4e2f-8722-4fd8ebeaeadc}</UniqueIdentifier>
    </Filter>
    <Filter Include="ソース ファイル\Engine\Graphics\ConstantBuffer">
      <UniqueIdentifier>{397a2345-101d-4671-bc9c-cd48818a6347}</UniqueIdentifier>
    </Filter>
    <Filter Include="ソース ファイル\Engine\Tool\BIt">
      <UniqueIdentifier>{89db6851-77a7-422c-82fd-f22f26d927e0}</UniqueIdentifier>
    </Filter>
    <Filter Include="ソース ファイル\Engine\BaseComponent\Renderer">
      <UniqueIdentifier>{ac47db59-6955-4a73-8202-430de1b587e2}</UniqueIdentifier>
    </Filter>
    <Filter Include="ソース ファイル\Engine\BaseComponent\Renderer\BillBoard">
      <UniqueIdentifier>{9b6c5c76-07f1-4a10-b99d-2d507ca258d1}</UniqueIdentifier>
    </Filter>
    <Filter Include="ソース ファイル\Engine\BaseComponent\Renderer\Effect">
      <UniqueIdentifier>{0e4c2e38-3120-443c-81ec-5b7bd4387c46}</UniqueIdentifier>
    </Filter>
    <Filter Include="ソース ファイル\Engine\BaseComponent\Renderer\Model">
      <UniqueIdentifier>{768b8687-7ced-438d-882f-5caf8a78b77d}</UniqueIdentifier>
    </Filter>
    <Filter Include="ソース ファイル\Engine\BaseComponent\Renderer\Sky">
      <UniqueIdentifier>{a002f88e-90e5-42e9-90ec-d0d7e75b918c}</UniqueIdentifier>
    </Filter>
    <Filter Include="ソース ファイル\Engine\BaseComponent\Renderer\UI">
      <UniqueIdentifier>{a7e8cbd8-99e5-46f4-a1f8-78cca893f140}</UniqueIdentifier>
    </Filter>
    <Filter Include="ソース ファイル\Engine\BaseComponent\Renderer\UtilityMesh">
      <UniqueIdentifier>{56b764bb-d086-4f11-a45c-d49b2261655d}</UniqueIdentifier>
    </Filter>
    <Filter Include="ソース ファイル\Game\Event">
      <UniqueIdentifier>{eb065296-aae5-4043-9f71-8cbf83424555}</UniqueIdentifier>
    </Filter>
    <Filter Include="外部ライブラリ\AS_add_on">
      <UniqueIdentifier>{9da6fdc3-bc94-4d69-8070-6909a7196c97}</UniqueIdentifier>
    </Filter>
    <Filter Include="外部ライブラリ\AS_add_on\scriptbuilder">
      <UniqueIdentifier>{d8768570-88f6-44a9-872c-773134029df0}</UniqueIdentifier>
    </Filter>
    <Filter Include="外部ライブラリ\AS_add_on\scriptstdstring">
      <UniqueIdentifier>{e7b070dd-4296-43e3-b8ae-04a74c62755b}</UniqueIdentifier>
    </Filter>
    <Filter Include="ソース ファイル\Game\AS">
      <UniqueIdentifier>{02a51b6d-0962-4cdd-9ab9-0b735ade235a}</UniqueIdentifier>
    </Filter>
    <Filter Include="外部ライブラリ\AS_add_on\scriptarray">
      <UniqueIdentifier>{9d21647f-669e-4c76-8d52-785fb3a1a4bd}</UniqueIdentifier>
    </Filter>
    <Filter Include="外部ライブラリ\AS_add_on\scriptmath">
      <UniqueIdentifier>{64de6292-17d2-43ac-91fc-b7dd7837d056}</UniqueIdentifier>
    </Filter>
    <Filter Include="外部ライブラリ\AS_add_on\scripthelper">
      <UniqueIdentifier>{c6be8de8-efa6-4891-bf4c-7a55098fb7d2}</UniqueIdentifier>
    </Filter>
    <Filter Include="ソース ファイル\Scripts">
      <UniqueIdentifier>{c7cd21bd-0d9c-401e-891f-d0d5d5bbb237}</UniqueIdentifier>
    </Filter>
    <Filter Include="ソース ファイル\Scripts\RegisterAPI">
      <UniqueIdentifier>{c01b761f-da1f-4cd1-94ac-b042082fc09a}</UniqueIdentifier>
    </Filter>
    <Filter Include="ソース ファイル\Scripts\RegisterAPI\Core">
      <UniqueIdentifier>{b020506c-214d-47f3-943e-77d60e5bc1fd}</UniqueIdentifier>
    </Filter>
    <Filter Include="ソース ファイル\Scripts\RegisterAPI\Game">
      <UniqueIdentifier>{90a3aa94-e5c4-4fe4-9997-c8be8ae532e3}</UniqueIdentifier>
    </Filter>
    <Filter Include="ソース ファイル\Scripts\RegisterAPI\Audio">
      <UniqueIdentifier>{8c27c838-d6ef-4942-8910-cebf614a71c5}</UniqueIdentifier>
    </Filter>
    <Filter Include="ソース ファイル\Scripts\RegisterAPI\Math">
      <UniqueIdentifier>{0a058e16-537c-48c3-a6e1-08eee4c287d2}</UniqueIdentifier>
    </Filter>
    <Filter Include="ソース ファイル\Game\Factory">
      <UniqueIdentifier>{b57521f4-59f8-458b-9749-8459b9a795dc}</UniqueIdentifier>
    </Filter>
  </ItemGroup>
  <ItemGroup>
    <ClCompile Include="Source\Cpp\SHADER.cpp">
      <Filter>ソース ファイル\Engine\Graphics\Shader</Filter>
    </ClCompile>
    <ClCompile Include="Source\Cpp\DXApp.cpp">
      <Filter>ソース ファイル\Engine\App</Filter>
    </ClCompile>
    <ClCompile Include="Source\Cpp\WinMain.cpp">
      <Filter>ソース ファイル\Engine\App</Filter>
    </ClCompile>
    <ClCompile Include="Source\Cpp\pch.cpp">
      <Filter>ソース ファイル\Engine\PCH</Filter>
    </ClCompile>
    <ClCompile Include="Source\Cpp\RenderParam.cpp">
      <Filter>ソース ファイル\Engine\Graphics</Filter>
    </ClCompile>
    <ClCompile Include="Source\Cpp\ModelMesh.cpp">
      <Filter>ソース ファイル\Engine\Graphics\Model</Filter>
    </ClCompile>
    <ClCompile Include="Source\Cpp\InputFactory.cpp">
      <Filter>ソース ファイル\Engine\Tool\KeyInput</Filter>
    </ClCompile>
    <ClCompile Include="Source\Cpp\Texture.cpp">
      <Filter>ソース ファイル\Engine\Graphics\Texture</Filter>
    </ClCompile>
    <ClCompile Include="Source\Lib\Imgui\backends\imgui_impl_win32.cpp">
      <Filter>外部ライブラリ\ImGui</Filter>
    </ClCompile>
    <ClCompile Include="Source\Lib\Imgui\backends\imgui_impl_dx11.cpp">
      <Filter>外部ライブラリ\ImGui</Filter>
    </ClCompile>
    <ClCompile Include="Source\Lib\Imgui\imgui.cpp">
      <Filter>外部ライブラリ\ImGui</Filter>
    </ClCompile>
    <ClCompile Include="Source\Lib\Imgui\imgui_demo.cpp">
      <Filter>外部ライブラリ\ImGui</Filter>
    </ClCompile>
    <ClCompile Include="Source\Lib\Imgui\imgui_draw.cpp">
      <Filter>外部ライブラリ\ImGui</Filter>
    </ClCompile>
    <ClCompile Include="Source\Lib\Imgui\imgui_tables.cpp">
      <Filter>外部ライブラリ\ImGui</Filter>
    </ClCompile>
    <ClCompile Include="Source\Lib\Imgui\imgui_widgets.cpp">
      <Filter>外部ライブラリ\ImGui</Filter>
    </ClCompile>
    <ClCompile Include="Source\Cpp\MeshInfoFactory.cpp">
      <Filter>ソース ファイル\Engine\Graphics\Mesh</Filter>
    </ClCompile>
    <ClCompile Include="Source\Cpp\Object.cpp">
      <Filter>ソース ファイル\Engine\Obj</Filter>
    </ClCompile>
    <ClCompile Include="Source\Cpp\PixelShader.cpp">
      <Filter>ソース ファイル\Engine\Graphics\Shader</Filter>
    </ClCompile>
    <ClCompile Include="Source\Cpp\VertexShader.cpp">
      <Filter>ソース ファイル\Engine\Graphics\Shader</Filter>
    </ClCompile>
    <ClCompile Include="Source\Cpp\InputLayout.cpp">
      <Filter>ソース ファイル\Engine\Graphics\Shader</Filter>
    </ClCompile>
    <ClCompile Include="Source\Cpp\GameObject.cpp">
      <Filter>ソース ファイル\Engine\Obj</Filter>
    </ClCompile>
    <ClCompile Include="Source\Cpp\Component_Light.cpp">
      <Filter>ソース ファイル\Engine\BaseComponent\Light</Filter>
    </ClCompile>
    <ClCompile Include="Source\Cpp\Component_DirectionalLight.cpp">
      <Filter>ソース ファイル\Engine\BaseComponent\Light</Filter>
    </ClCompile>
    <ClCompile Include="Source\Cpp\IndexBuffer.cpp">
      <Filter>ソース ファイル\Engine\Graphics\Buffers</Filter>
    </ClCompile>
    <ClCompile Include="Source\Cpp\VertexBuffer.cpp">
      <Filter>ソース ファイル\Engine\Graphics\Buffers</Filter>
    </ClCompile>
    <ClCompile Include="Source\Cpp\BufferManeger.cpp">
      <Filter>ソース ファイル\Engine\Graphics\Buffers</Filter>
    </ClCompile>
    <ClCompile Include="Source\Cpp\IDXBuffer.cpp">
      <Filter>ソース ファイル\Engine\Graphics\Buffers</Filter>
    </ClCompile>
    <ClCompile Include="Source\Cpp\SceneManager.cpp">
      <Filter>ソース ファイル\Game\Scene</Filter>
    </ClCompile>
    <ClCompile Include="Source\Cpp\IState.cpp">
      <Filter>ソース ファイル\Engine\State</Filter>
    </ClCompile>
    <ClCompile Include="Source\Cpp\StateMachine.cpp">
      <Filter>ソース ファイル\Engine\State</Filter>
    </ClCompile>
    <ClCompile Include="Source\Cpp\CompositeState.cpp">
      <Filter>ソース ファイル\Engine\State</Filter>
    </ClCompile>
    <ClCompile Include="Source\Cpp\ModelData.cpp">
      <Filter>ソース ファイル\Engine\Graphics\Model</Filter>
    </ClCompile>
    <ClCompile Include="Source\Cpp\Component_PointLight.cpp">
      <Filter>ソース ファイル\Engine\BaseComponent\Light</Filter>
    </ClCompile>
    <ClCompile Include="Source\Cpp\MeshFactory.cpp">
      <Filter>ソース ファイル\Engine\Graphics\Mesh</Filter>
    </ClCompile>
    <ClCompile Include="Source\Cpp\Component_3DCamera.cpp">
      <Filter>ソース ファイル\Engine\BaseComponent\Camera</Filter>
    </ClCompile>
    <ClCompile Include="Source\Cpp\Component_Transform.cpp">
      <Filter>ソース ファイル\Engine\BaseComponent\Utility</Filter>
    </ClCompile>
    <ClCompile Include="Source\Cpp\IComponent.cpp">
      <Filter>ソース ファイル\Engine\BaseComponent\Utility</Filter>
    </ClCompile>
    <ClCompile Include="Source\Cpp\Component_SpriteRenderer.cpp">
      <Filter>ソース ファイル\Engine\BaseComponent\Renderer\UI</Filter>
    </ClCompile>
    <ClCompile Include="Source\Cpp\DX_RenderTarget.cpp">
      <Filter>ソース ファイル\Engine\Graphics\RT</Filter>
    </ClCompile>
    <ClCompile Include="Source\Cpp\IDX_BlendState.cpp">
      <Filter>ソース ファイル\Engine\Graphics\BlendState</Filter>
    </ClCompile>
    <ClCompile Include="Source\Cpp\BitFlag.cpp">
      <Filter>ソース ファイル\Engine\Tool\BIt</Filter>
    </ClCompile>
    <ClCompile Include="Source\Cpp\Component_SkinnedMeshAnimator.cpp">
      <Filter>ソース ファイル\Engine\BaseComponent\Renderer\Model</Filter>
    </ClCompile>
    <ClCompile Include="Source\Cpp\Component_ModelMeshResource.cpp">
      <Filter>ソース ファイル\Engine\BaseComponent\Renderer\Model</Filter>
    </ClCompile>
    <ClCompile Include="Source\Cpp\Component_ModelMeshRenderer.cpp">
      <Filter>ソース ファイル\Engine\BaseComponent\Renderer\Model</Filter>
    </ClCompile>
    <ClCompile Include="Source\Cpp\Component_IMeshResource.cpp">
      <Filter>ソース ファイル\Engine\BaseComponent\Renderer\UtilityMesh</Filter>
    </ClCompile>
    <ClCompile Include="Source\Cpp\Component_MeshRenderer.cpp">
      <Filter>ソース ファイル\Engine\BaseComponent\Renderer\UtilityMesh</Filter>
    </ClCompile>
    <ClCompile Include="Source\Cpp\Component_BillboardRenderer.cpp">
      <Filter>ソース ファイル\Engine\BaseComponent\Renderer\BillBoard</Filter>
    </ClCompile>
    <ClCompile Include="Source\Cpp\Component_BillboardResource.cpp">
      <Filter>ソース ファイル\Engine\BaseComponent\Renderer\BillBoard</Filter>
    </ClCompile>
    <ClCompile Include="Source\Cpp\Component_SkyRenderer.cpp">
      <Filter>ソース ファイル\Engine\BaseComponent\Renderer\Sky</Filter>
    </ClCompile>
    <ClCompile Include="Source\Cpp\GaussianBlur.cpp">
      <Filter>ソース ファイル\Engine\Graphics\PostEffect</Filter>
    </ClCompile>
    <ClCompile Include="Source\Cpp\EditorManager.cpp">
      <Filter>ソース ファイル\Engine\Editor</Filter>
    </ClCompile>
    <ClCompile Include="Source\Cpp\EditorBase.cpp">
      <Filter>ソース ファイル\Engine\Editor\Base</Filter>
    </ClCompile>
    <ClCompile Include="Source\Cpp\EditWindowBase.cpp">
      <Filter>ソース ファイル\Engine\Editor\Base</Filter>
    </ClCompile>
    <ClCompile Include="Source\Cpp\InspectorWindow.cpp">
      <Filter>ソース ファイル\Engine\Editor\Inspector</Filter>
    </ClCompile>
    <ClCompile Include="Source\Cpp\ObjectSelect.cpp">
      <Filter>ソース ファイル\Engine\Editor\Hierarchy\Editors</Filter>
    </ClCompile>
    <ClCompile Include="Source\Cpp\HierarchyWindow.cpp">
      <Filter>ソース ファイル\Engine\Editor\Hierarchy</Filter>
    </ClCompile>
    <ClCompile Include="Source\Cpp\InspectorEditors.cpp">
      <Filter>ソース ファイル\Engine\Editor\Inspector</Filter>
    </ClCompile>
    <ClCompile Include="Source\Cpp\Material.cpp">
      <Filter>ソース ファイル\Engine\Graphics\Material</Filter>
    </ClCompile>
    <ClCompile Include="Source\Cpp\MaterialFactory.cpp">
      <Filter>ソース ファイル\Engine\Graphics\Material</Filter>
    </ClCompile>
    <ClCompile Include="Source\Cpp\Component_Collider.cpp">
      <Filter>ソース ファイル\Engine\BaseComponent\Collision</Filter>
    </ClCompile>
    <ClCompile Include="Source\Cpp\CollisionInfo.cpp">
      <Filter>ソース ファイル\Engine\Collision</Filter>
    </ClCompile>
    <ClCompile Include="Source\Cpp\Component_BoxCollider.cpp">
      <Filter>ソース ファイル\Engine\BaseComponent\Collision</Filter>
    </ClCompile>
    <ClCompile Include="Source\Cpp\Component_SphereCollider.cpp">
      <Filter>ソース ファイル\Engine\BaseComponent\Collision</Filter>
    </ClCompile>
    <ClCompile Include="Source\Cpp\DebugMesh.cpp">
      <Filter>ソース ファイル\Engine\Graphics\Mesh</Filter>
    </ClCompile>
    <ClCompile Include="Source\Cpp\IDXResource.cpp">
      <Filter>ソース ファイル\Engine\Graphics</Filter>
    </ClCompile>
    <ClCompile Include="Source\Cpp\RendererEngine.cpp">
      <Filter>ソース ファイル\Engine\Renderer</Filter>
    </ClCompile>
    <ClCompile Include="Source\Cpp\RenderPipeline.cpp">
      <Filter>ソース ファイル\Engine\Renderer</Filter>
    </ClCompile>
    <ClCompile Include="Source\Cpp\Root_TitleSceneState.cpp">
      <Filter>ソース ファイル\Game\Scene\Title</Filter>
    </ClCompile>
    <ClCompile Include="Source\Cpp\c_Title_Config.cpp">
      <Filter>ソース ファイル\Game\Scene\Title</Filter>
    </ClCompile>
    <ClCompile Include="Source\Cpp\c_Title_SoldierSelect.cpp">
      <Filter>ソース ファイル\Game\Scene\Title</Filter>
    </ClCompile>
    <ClCompile Include="Source\Cpp\c_Title_MissionSelect.cpp">
      <Filter>ソース ファイル\Game\Scene\Title</Filter>
    </ClCompile>
    <ClCompile Include="Source\Cpp\c_Game_LoadProcess.cpp">
      <Filter>ソース ファイル\Game\Scene\Game</Filter>
    </ClCompile>
    <ClCompile Include="Source\Cpp\Root_ResultSceneState.cpp">
      <Filter>ソース ファイル\Game\Scene\Result</Filter>
    </ClCompile>
    <ClCompile Include="Source\Cpp\c_Result_GetItemCheck.cpp">
      <Filter>ソース ファイル\Game\Scene\Result</Filter>
    </ClCompile>
    <ClCompile Include="Source\Cpp\c_Title_LoadProcess.cpp">
      <Filter>ソース ファイル\Game\Scene\Title</Filter>
    </ClCompile>
    <ClCompile Include="Source\Cpp\Root_GameSceneState.cpp">
      <Filter>ソース ファイル\Game\Scene\Game</Filter>
    </ClCompile>
    <ClCompile Include="Source\Cpp\c_Game_Play.cpp">
      <Filter>ソース ファイル\Game\Scene\Game</Filter>
    </ClCompile>
    <ClCompile Include="Source\Cpp\c_Title_MainMenu.cpp">
      <Filter>ソース ファイル\Game\Scene\Title</Filter>
    </ClCompile>
    <ClCompile Include="Source\Cpp\Component_PlayerController.cpp">
      <Filter>ソース ファイル\Game\Component\Player</Filter>
    </ClCompile>
    <ClCompile Include="Source\Cpp\Component_Health.cpp">
      <Filter>ソース ファイル\Game\Component\Character</Filter>
    </ClCompile>
    <ClCompile Include="Source\Cpp\Component_EnemyController.cpp">
      <Filter>ソース ファイル\Game\Component\Enemy</Filter>
    </ClCompile>
    <ClCompile Include="Source\Cpp\Component_TimerDestruction.cpp">
      <Filter>ソース ファイル\Engine\BaseComponent\Utility</Filter>
    </ClCompile>
    <ClCompile Include="Source\Cpp\ObjectPool.cpp">
      <Filter>ソース ファイル\Engine\Obj</Filter>
    </ClCompile>
    <ClCompile Include="Source\Cpp\Component_MoveLogic.cpp">
      <Filter>ソース ファイル\Engine\BaseComponent\Move</Filter>
    </ClCompile>
    <ClCompile Include="Source\Cpp\Component_ButtonUI.cpp">
      <Filter>ソース ファイル\Engine\BaseComponent\UI</Filter>
    </ClCompile>
    <ClCompile Include="Source\Cpp\KeyState.cpp">
      <Filter>ソース ファイル\Engine\Tool\KeyInput</Filter>
    </ClCompile>
    <ClCompile Include="Source\Cpp\Component_RectTransform.cpp">
      <Filter>ソース ファイル\Engine\BaseComponent\UI</Filter>
    </ClCompile>
    <ClCompile Include="Source\Cpp\Component_LineRenderer.cpp">
      <Filter>ソース ファイル\Engine\BaseComponent\Renderer\Effect</Filter>
    </ClCompile>
    <ClCompile Include="Source\Cpp\Component_TrailRenderer.cpp">
      <Filter>ソース ファイル\Engine\BaseComponent\Renderer\Effect</Filter>
    </ClCompile>
    <ClCompile Include="Source\Cpp\ObjectFactory.cpp">
      <Filter>ソース ファイル\Engine\Obj</Filter>
    </ClCompile>
    <ClCompile Include="Source\Cpp\Component_BulletBase.cpp">
      <Filter>ソース ファイル\Game\Component\Weapon\Bullet</Filter>
    </ClCompile>
    <ClCompile Include="Source\Cpp\Component_ExplosionBullet.cpp">
      <Filter>ソース ファイル\Game\Component\Weapon\Bullet</Filter>
    </ClCompile>
    <ClCompile Include="Source\Cpp\Component_ExplosionLightController.cpp">
      <Filter>ソース ファイル\Game\Component\Weapon\Bullet</Filter>
    </ClCompile>
    <ClCompile Include="Source\Cpp\Component_NormalBullet.cpp">
      <Filter>ソース ファイル\Game\Component\Weapon\Bullet</Filter>
    </ClCompile>
    <ClCompile Include="Source\Cpp\Component_GunWeapon.cpp">
      <Filter>ソース ファイル\Game\Component\Weapon\Gun</Filter>
    </ClCompile>
    <ClCompile Include="Source\Cpp\Component_WeaponBase.cpp">
      <Filter>ソース ファイル\Game\Component\Weapon</Filter>
    </ClCompile>
    <ClCompile Include="Source\Cpp\Gun_IdleState.cpp">
      <Filter>ソース ファイル\Game\Component\Weapon\Gun\State</Filter>
    </ClCompile>
    <ClCompile Include="Source\Cpp\Gun_ReloadingState.cpp">
      <Filter>ソース ファイル\Game\Component\Weapon\Gun\State</Filter>
    </ClCompile>
    <ClCompile Include="Source\Cpp\Gun_FireState.cpp">
      <Filter>ソース ファイル\Game\Component\Weapon\Gun\State</Filter>
    </ClCompile>
    <ClCompile Include="Source\Cpp\Component_WeaponController.cpp">
      <Filter>ソース ファイル\Game\Component\Weapon</Filter>
    </ClCompile>
    <ClCompile Include="Source\Cpp\ConstantUIData.cpp">
      <Filter>ソース ファイル\Constant</Filter>
    </ClCompile>
    <ClCompile Include="Source\Cpp\Component_BuildingController.cpp">
      <Filter>ソース ファイル\Game\Component\Building</Filter>
    </ClCompile>
    <ClCompile Include="Source\Cpp\Building_State.cpp">
      <Filter>ソース ファイル\Game\Component\Building\State_Building</Filter>
    </ClCompile>
    <ClCompile Include="Source\Cpp\Component_MiniMapRader.cpp">
      <Filter>ソース ファイル\Game\Component\UI</Filter>
    </ClCompile>
    <ClCompile Include="Source\Cpp\Component_Faction.cpp">
      <Filter>ソース ファイル\Game\Component\Character</Filter>
    </ClCompile>
    <ClCompile Include="Source\Cpp\Component_Player_HPBar.cpp">
      <Filter>ソース ファイル\Game\Component\UI</Filter>
    </ClCompile>
    <ClCompile Include="Source\Cpp\IMoveBehaviour.cpp">
      <Filter>ソース ファイル\Engine\BaseComponent\Move\Behaviour</Filter>
    </ClCompile>
    <ClCompile Include="Source\Cpp\LinearMove_Behaviour.cpp">
      <Filter>ソース ファイル\Engine\BaseComponent\Move\Behaviour</Filter>
    </ClCompile>
    <ClCompile Include="Source\Cpp\HormingMove_Behaviour.cpp">
      <Filter>ソース ファイル\Engine\BaseComponent\Move\Behaviour</Filter>
    </ClCompile>
    <ClCompile Include="Source\Cpp\Ant_AT_AttackAcid.cpp">
      <Filter>ソース ファイル\Game\Component\Enemy\State_Ant\Active</Filter>
    </ClCompile>
    <ClCompile Include="Source\Cpp\Ant_AT_MoveState.cpp">
      <Filter>ソース ファイル\Game\Component\Enemy\State_Ant\Active</Filter>
    </ClCompile>
    <ClCompile Include="Source\Cpp\Ant_AT_TrackingState.cpp">
      <Filter>ソース ファイル\Game\Component\Enemy\State_Ant\Active</Filter>
    </ClCompile>
    <ClCompile Include="Source\Cpp\Ant_PT_IdleState.cpp">
      <Filter>ソース ファイル\Game\Component\Enemy\State_Ant\Patrol</Filter>
    </ClCompile>
    <ClCompile Include="Source\Cpp\Ant_PT_MoveState.cpp">
      <Filter>ソース ファイル\Game\Component\Enemy\State_Ant\Patrol</Filter>
    </ClCompile>
    <ClCompile Include="Source\Cpp\Ant_AT_DeadState.cpp">
      <Filter>ソース ファイル\Game\Component\Enemy\State_Ant\Active</Filter>
    </ClCompile>
    <ClCompile Include="Source\Cpp\Ant_CommonStateProcess.cpp">
      <Filter>ソース ファイル\Game\Component\Enemy\State_Ant</Filter>
    </ClCompile>
    <ClCompile Include="Source\Cpp\c_Result_Cleared.cpp">
      <Filter>ソース ファイル\Game\Scene\Result</Filter>
    </ClCompile>
    <ClCompile Include="Source\Cpp\c_Result_Failed.cpp">
      <Filter>ソース ファイル\Game\Scene\Result</Filter>
    </ClCompile>
    <ClCompile Include="Source\Cpp\c_Game_Pause.cpp">
      <Filter>ソース ファイル\Game\Scene\Game</Filter>
    </ClCompile>
    <ClCompile Include="Source\Cpp\c_MissionSelect_DifficultSelect.cpp">
      <Filter>ソース ファイル\Game\Scene\Title</Filter>
    </ClCompile>
    <ClCompile Include="Source\Cpp\Component_Item.cpp">
      <Filter>ソース ファイル\Game\Component\Item</Filter>
    </ClCompile>
    <ClCompile Include="Source\Cpp\DataManager.cpp">
      <Filter>ソース ファイル\Singleton\Resource</Filter>
    </ClCompile>
    <ClCompile Include="Source\Cpp\ResourceManager.cpp">
      <Filter>ソース ファイル\Singleton\Resource</Filter>
    </ClCompile>
    <ClCompile Include="Source\Cpp\SoundManager.cpp">
      <Filter>ソース ファイル\Singleton\Resource</Filter>
    </ClCompile>
    <ClCompile Include="Source\Cpp\RandomManager.cpp">
      <Filter>ソース ファイル\Singleton\System</Filter>
    </ClCompile>
    <ClCompile Include="Source\Cpp\InputManager.cpp">
      <Filter>ソース ファイル\Singleton\System</Filter>
    </ClCompile>
    <ClCompile Include="Source\Cpp\Debugger.cpp">
      <Filter>ソース ファイル\Singleton\Debug</Filter>
    </ClCompile>
    <ClCompile Include="Source\Cpp\WeaponDataManager.cpp">
      <Filter>ソース ファイル\Singleton\Game</Filter>
    </ClCompile>
    <ClCompile Include="Source\Cpp\BulletManager.cpp">
      <Filter>ソース ファイル\Singleton\Game</Filter>
    </ClCompile>
    <ClCompile Include="Source\Cpp\BlendManager.cpp">
      <Filter>ソース ファイル\Singleton\Graphic</Filter>
    </ClCompile>
    <ClCompile Include="Source\Cpp\LightManager.cpp">
      <Filter>ソース ファイル\Singleton\Graphic</Filter>
    </ClCompile>
    <ClCompile Include="Source\Cpp\TransientPointLightPool.cpp">
      <Filter>ソース ファイル\Singleton\Graphic</Filter>
    </ClCompile>
    <ClCompile Include="Source\Cpp\ShaderManager.cpp">
      <Filter>ソース ファイル\Singleton\Graphic</Filter>
    </ClCompile>
    <ClCompile Include="Source\Cpp\DirectWriteManager.cpp">
      <Filter>ソース ファイル\Singleton\Graphic</Filter>
    </ClCompile>
    <ClCompile Include="Source\Cpp\ItemManager.cpp">
      <Filter>ソース ファイル\Singleton\Game</Filter>
    </ClCompile>
    <ClCompile Include="Source\Cpp\MissionDirector.cpp">
      <Filter>ソース ファイル\Singleton\Game</Filter>
    </ClCompile>
    <ClCompile Include="Source\Cpp\TragetManager.cpp">
      <Filter>ソース ファイル\Singleton\Game</Filter>
    </ClCompile>
    <ClCompile Include="Source\Cpp\CollisionManager.cpp">
      <Filter>ソース ファイル\Singleton\System</Filter>
    </ClCompile>
    <ClCompile Include="Source\Cpp\GameManager.cpp">
      <Filter>ソース ファイル\Game</Filter>
    </ClCompile>
    <ClCompile Include="Source\Cpp\TimeManager.cpp">
      <Filter>ソース ファイル\Singleton\System</Filter>
    </ClCompile>
    <ClCompile Include="Source\Cpp\c_Game_Manual.cpp">
      <Filter>ソース ファイル\Game\Scene\Game</Filter>
    </ClCompile>
    <ClCompile Include="Source\Cpp\Component_ConfigSetting.cpp">
      <Filter>ソース ファイル\Game\Component\UI</Filter>
    </ClCompile>
    <ClCompile Include="Source\Cpp\c_Game_Config.cpp">
      <Filter>ソース ファイル\Game\Scene\Game</Filter>
    </ClCompile>
    <ClCompile Include="Source\Cpp\Component_DecalRenderer.cpp">
      <Filter>ソース ファイル\Engine\BaseComponent\Renderer\Effect</Filter>
    </ClCompile>
    <ClCompile Include="Source\Cpp\Component_DistortionEffect.cpp">
      <Filter>ソース ファイル\Engine\BaseComponent\Effect</Filter>
    </ClCompile>
    <ClCompile Include="Source\Cpp\Component_MuzzleFlashEffect.cpp">
      <Filter>ソース ファイル\Game\Component\Weapon</Filter>
    </ClCompile>
    <ClCompile Include="Source\Cpp\Component_Physics.cpp">
      <Filter>ソース ファイル\Engine\BaseComponent\Move</Filter>
    </ClCompile>
    <ClCompile Include="Source\Cpp\Ant_AT_HitStunState.cpp">
      <Filter>ソース ファイル\Game\Component\Enemy\State_Ant\Active</Filter>
    </ClCompile>
    <ClCompile Include="Source\Cpp\Octahedron_AT_IdleState.cpp">
      <Filter>ソース ファイル\Game\Component\Enemy\State_Octahedron\Active</Filter>
    </ClCompile>
    <ClCompile Include="Source\Cpp\Octahedron_AT_MoveState.cpp">
      <Filter>ソース ファイル\Game\Component\Enemy\State_Octahedron\Active</Filter>
    </ClCompile>
    <ClCompile Include="Source\Cpp\Octahedron_AT_TrackingState.cpp">
      <Filter>ソース ファイル\Game\Component\Enemy\State_Octahedron\Active</Filter>
    </ClCompile>
    <ClCompile Include="Source\Cpp\Octahedron_AT_AttackLaser01State.cpp">
      <Filter>ソース ファイル\Game\Component\Enemy\State_Octahedron\Active</Filter>
    </ClCompile>
    <ClCompile Include="Source\Cpp\Octahedron_CommonStateProcess.cpp">
      <Filter>ソース ファイル\Game\Component\Enemy\State_Octahedron</Filter>
    </ClCompile>
    <ClCompile Include="Source\Cpp\Octahedron_AT_DeadState.cpp">
      <Filter>ソース ファイル\Game\Component\Enemy\State_Octahedron\Active</Filter>
    </ClCompile>
    <ClCompile Include="Source\Cpp\Component_Bullet.cpp">
      <Filter>ソース ファイル\Game\Component\Weapon\Bullet</Filter>
    </ClCompile>
    <ClCompile Include="Source\Cpp\BulletBehaviour.cpp">
      <Filter>ソース ファイル\Game\Component\Weapon\Bullet\Behaviour</Filter>
    </ClCompile>
    <ClCompile Include="Source\Cpp\Frustum.cpp">
      <Filter>ソース ファイル\Engine\Graphics\Frustum</Filter>
    </ClCompile>
    <ClCompile Include="Source\Cpp\BuildingStateFactory.cpp">
      <Filter>ソース ファイル\Game\StateFactory</Filter>
    </ClCompile>
    <ClCompile Include="Source\Cpp\EnemyStateFactory.cpp">
      <Filter>ソース ファイル\Game\StateFactory</Filter>
    </ClCompile>
    <ClCompile Include="Source\Cpp\SceneFactory.cpp">
      <Filter>ソース ファイル\Game\StateFactory</Filter>
    </ClCompile>
    <ClCompile Include="Source\Cpp\WeaponStateFactory.cpp">
      <Filter>ソース ファイル\Game\StateFactory</Filter>
    </ClCompile>
    <ClCompile Include="Source\Cpp\Helper.cpp">
      <Filter>ソース ファイル\Engine\Tool\Utils</Filter>
    </ClCompile>
    <ClCompile Include="Source\Cpp\Tween.cpp">
      <Filter>ソース ファイル\Engine\Tool\Utils</Filter>
    </ClCompile>
    <ClCompile Include="Source\Cpp\RenderQueue.cpp">
      <Filter>ソース ファイル\Engine\Renderer</Filter>
    </ClCompile>
    <ClCompile Include="Source\Cpp\Component_Render.cpp">
      <Filter>ソース ファイル\Engine\BaseComponent\Renderer\UtilityMesh</Filter>
    </ClCompile>
    <ClCompile Include="Source\Cpp\Grid3D.cpp">
      <Filter>ソース ファイル\Engine\Collision</Filter>
    </ClCompile>
    <ClCompile Include="Source\Cpp\Unit.cpp">
      <Filter>ソース ファイル\Engine\Collision</Filter>
    </ClCompile>
    <ClCompile Include="Source\Cpp\Component_SpotLight.cpp">
      <Filter>ソース ファイル\Engine\BaseComponent\Light</Filter>
    </ClCompile>
    <ClCompile Include="Source\Cpp\BuildingManager.cpp">
      <Filter>ソース ファイル\Singleton\Game</Filter>
    </ClCompile>
    <ClCompile Include="Source\Cpp\UIManager.cpp">
      <Filter>ソース ファイル\Singleton\Resource</Filter>
    </ClCompile>
    <ClCompile Include="Source\Cpp\TweenManager.cpp">
      <Filter>ソース ファイル\Singleton\Resource</Filter>
    </ClCompile>
    <ClCompile Include="Source\Cpp\GameObjectManager.cpp">
      <Filter>ソース ファイル\Singleton\Resource</Filter>
    </ClCompile>
    <ClCompile Include="Source\Cpp\EffectManager.cpp">
      <Filter>ソース ファイル\Singleton\Resource</Filter>
    </ClCompile>
    <ClCompile Include="Source\Cpp\EventCondition.cpp">
      <Filter>ソース ファイル\Game\Event</Filter>
    </ClCompile>
    <ClCompile Include="Source\Cpp\MissionAction.cpp">
      <Filter>ソース ファイル\Game\Event</Filter>
    </ClCompile>
    <ClCompile Include="Source\Cpp\MissionEvent.cpp">
      <Filter>ソース ファイル\Game\Event</Filter>
    </ClCompile>
    <ClCompile Include="Source\Cpp\ScriptManager.cpp">
      <Filter>ソース ファイル\Singleton\System</Filter>
    </ClCompile>
    <ClCompile Include="Source\Lib\angelscript\add_on\scriptbuilder\scriptbuilder.cpp">
      <Filter>外部ライブラリ\AS_add_on\scriptbuilder</Filter>
    </ClCompile>
    <ClCompile Include="Source\Lib\angelscript\add_on\scriptstdstring\scriptstdstring.cpp">
      <Filter>外部ライブラリ\AS_add_on\scriptstdstring</Filter>
    </ClCompile>
    <ClCompile Include="Source\Lib\angelscript\add_on\scriptarray\scriptarray.cpp">
      <Filter>外部ライブラリ\AS_add_on\scriptarray</Filter>
    </ClCompile>
    <ClCompile Include="Source\Lib\angelscript\add_on\scriptmath\scriptmath.cpp">
      <Filter>外部ライブラリ\AS_add_on\scriptmath</Filter>
    </ClCompile>
    <ClCompile Include="Source\Lib\angelscript\add_on\scriptmath\scriptmathcomplex.cpp">
      <Filter>外部ライブラリ\AS_add_on\scriptmath</Filter>
    </ClCompile>
    <ClCompile Include="Source\Lib\angelscript\add_on\scripthelper\scripthelper.cpp">
      <Filter>外部ライブラリ\AS_add_on\scripthelper</Filter>
    </ClCompile>
    <ClCompile Include="Source\Cpp\AS_CoreAPI.cpp">
      <Filter>ソース ファイル\Scripts\RegisterAPI\Core</Filter>
    </ClCompile>
    <ClCompile Include="Source\Cpp\AS_MathAPI.cpp">
      <Filter>ソース ファイル\Scripts\RegisterAPI\Math</Filter>
    </ClCompile>
    <ClCompile Include="Source\Cpp\AS_GameAPI.cpp">
      <Filter>ソース ファイル\Scripts\RegisterAPI\Game</Filter>
    </ClCompile>
    <ClCompile Include="Source\Cpp\AS_AudioAPI.cpp">
      <Filter>ソース ファイル\Scripts\RegisterAPI\Audio</Filter>
    </ClCompile>
    <ClCompile Include="Source\Cpp\EnemyManager.cpp">
      <Filter>ソース ファイル\Singleton\Game</Filter>
    </ClCompile>
    <ClCompile Include="Source\Cpp\EnemyFactory.cpp">
      <Filter>ソース ファイル\Game\Factory</Filter>
    </ClCompile>
    <ClCompile Include="Source\Cpp\Component_MeshCollider.cpp">
      <Filter>ソース ファイル\Engine\BaseComponent\Collision</Filter>
    </ClCompile>
  </ItemGroup>
  <ItemGroup>
    <ClInclude Include="Source\Header\SHADER.h">
      <Filter>ソース ファイル\Engine\Graphics\Shader</Filter>
    </ClInclude>
    <ClInclude Include="Source\Header\DXApp.h">
      <Filter>ソース ファイル\Engine\App</Filter>
    </ClInclude>
    <ClInclude Include="Source\Header\Window.h">
      <Filter>ソース ファイル\Engine\App</Filter>
    </ClInclude>
    <ClInclude Include="Source\Header\pch.h">
      <Filter>ソース ファイル\Engine\PCH</Filter>
    </ClInclude>
    <ClInclude Include="Source\Header\RenderParam.h">
      <Filter>ソース ファイル\Engine\Graphics</Filter>
    </ClInclude>
    <ClInclude Include="Source\Header\ModelMesh.h">
      <Filter>ソース ファイル\Engine\Graphics\Model</Filter>
    </ClInclude>
    <ClInclude Include="Source\Header\FontConfig.h">
      <Filter>ソース ファイル\Engine\Graphics\Whrite</Filter>
    </ClInclude>
    <ClInclude Include="Source\Header\InputConfig.h">
      <Filter>ソース ファイル\Engine\Tool\KeyInput</Filter>
    </ClInclude>
    <ClInclude Include="Source\Header\InputFactory.h">
      <Filter>ソース ファイル\Engine\Tool\KeyInput</Filter>
    </ClInclude>
    <ClInclude Include="Source\Header\VERTEX.h">
      <Filter>ソース ファイル\Engine\Tool\Math</Filter>
    </ClInclude>
    <ClInclude Include="Source\Header\VEC.h">
      <Filter>ソース ファイル\Engine\Tool\Math</Filter>
    </ClInclude>
    <ClInclude Include="Source\Header\ConstantBufferStructs.h">
      <Filter>ソース ファイル\Engine\Graphics\ConstantBuffer</Filter>
    </ClInclude>
    <ClInclude Include="Source\Header\Texture.h">
      <Filter>ソース ファイル\Engine\Graphics\Texture</Filter>
    </ClInclude>
    <ClInclude Include="Source\Lib\Imgui\backends\imgui_impl_win32.h">
      <Filter>外部ライブラリ\ImGui</Filter>
    </ClInclude>
    <ClInclude Include="Source\Lib\Imgui\backends\imgui_impl_dx11.h">
      <Filter>外部ライブラリ\ImGui</Filter>
    </ClInclude>
    <ClInclude Include="Source\Lib\Imgui\imconfig.h">
      <Filter>外部ライブラリ\ImGui</Filter>
    </ClInclude>
    <ClInclude Include="Source\Lib\Imgui\imgui.h">
      <Filter>外部ライブラリ\ImGui</Filter>
    </ClInclude>
    <ClInclude Include="Source\Lib\Imgui\imgui_internal.h">
      <Filter>外部ライブラリ\ImGui</Filter>
    </ClInclude>
    <ClInclude Include="Source\Lib\Imgui\imstb_rectpack.h">
      <Filter>外部ライブラリ\ImGui</Filter>
    </ClInclude>
    <ClInclude Include="Source\Lib\Imgui\imstb_textedit.h">
      <Filter>外部ライブラリ\ImGui</Filter>
    </ClInclude>
    <ClInclude Include="Source\Lib\Imgui\imstb_truetype.h">
      <Filter>外部ライブラリ\ImGui</Filter>
    </ClInclude>
    <ClInclude Include="Source\Header\MeshInfoFactory.h">
      <Filter>ソース ファイル\Engine\Graphics\Mesh</Filter>
    </ClInclude>
    <ClInclude Include="Source\Header\Object.h">
      <Filter>ソース ファイル\Engine\Obj</Filter>
    </ClInclude>
    <ClInclude Include="Source\Header\PixelShader.h">
      <Filter>ソース ファイル\Engine\Graphics\Shader</Filter>
    </ClInclude>
    <ClInclude Include="Source\Header\VertexShader.h">
      <Filter>ソース ファイル\Engine\Graphics\Shader</Filter>
    </ClInclude>
    <ClInclude Include="Source\Header\InputLayout.h">
      <Filter>ソース ファイル\Engine\Graphics\Shader</Filter>
    </ClInclude>
    <ClInclude Include="Source\Header\GameObject.h">
      <Filter>ソース ファイル\Engine\Obj</Filter>
    </ClInclude>
    <ClInclude Include="Source\Header\Component_Light.h">
      <Filter>ソース ファイル\Engine\BaseComponent\Light</Filter>
    </ClInclude>
    <ClInclude Include="Source\Header\Component_DirectionalLight.h">
      <Filter>ソース ファイル\Engine\BaseComponent\Light</Filter>
    </ClInclude>
    <ClInclude Include="Source\Header\IndexBuffer.h">
      <Filter>ソース ファイル\Engine\Graphics\Buffers</Filter>
    </ClInclude>
    <ClInclude Include="Source\Header\VertexBuffer.h">
      <Filter>ソース ファイル\Engine\Graphics\Buffers</Filter>
    </ClInclude>
    <ClInclude Include="Source\Header\BufferManeger.h">
      <Filter>ソース ファイル\Engine\Graphics\Buffers</Filter>
    </ClInclude>
    <ClInclude Include="Source\Header\IDXBuffer.h">
      <Filter>ソース ファイル\Engine\Graphics\Buffers</Filter>
    </ClInclude>
    <ClInclude Include="Source\Header\SceneManager.h">
      <Filter>ソース ファイル\Game\Scene</Filter>
    </ClInclude>
    <ClInclude Include="Source\Header\IState.h">
      <Filter>ソース ファイル\Engine\State</Filter>
    </ClInclude>
    <ClInclude Include="Source\Header\StateMachine.h">
      <Filter>ソース ファイル\Engine\State</Filter>
    </ClInclude>
    <ClInclude Include="Source\Header\CompositeState.h">
      <Filter>ソース ファイル\Engine\State</Filter>
    </ClInclude>
    <ClInclude Include="Source\Header\ModelData.h">
      <Filter>ソース ファイル\Engine\Graphics\Model</Filter>
    </ClInclude>
    <ClInclude Include="Source\Header\Component_PointLight.h">
      <Filter>ソース ファイル\Engine\BaseComponent\Light</Filter>
    </ClInclude>
    <ClInclude Include="Source\Header\MeshFactory.h">
      <Filter>ソース ファイル\Engine\Graphics\Mesh</Filter>
    </ClInclude>
    <ClInclude Include="Source\Header\Component_3DCamera.h">
      <Filter>ソース ファイル\Engine\BaseComponent\Camera</Filter>
    </ClInclude>
    <ClInclude Include="Source\Header\Component_Transform.h">
      <Filter>ソース ファイル\Engine\BaseComponent\Utility</Filter>
    </ClInclude>
    <ClInclude Include="Source\Header\IComponent.h">
      <Filter>ソース ファイル\Engine\BaseComponent\Utility</Filter>
    </ClInclude>
    <ClInclude Include="Source\Header\Component_SpriteRenderer.h">
      <Filter>ソース ファイル\Engine\BaseComponent\Renderer\UI</Filter>
    </ClInclude>
    <ClInclude Include="Source\Header\DX_RenderTarget.h">
      <Filter>ソース ファイル\Engine\Graphics\RT</Filter>
    </ClInclude>
    <ClInclude Include="Source\Header\IDX_BlendState.h">
      <Filter>ソース ファイル\Engine\Graphics\BlendState</Filter>
    </ClInclude>
    <ClInclude Include="Source\Header\BitFlag.h">
      <Filter>ソース ファイル\Engine\Tool\BIt</Filter>
    </ClInclude>
    <ClInclude Include="Source\Header\Component_SkinnedMeshAnimator.h">
      <Filter>ソース ファイル\Engine\BaseComponent\Renderer\Model</Filter>
    </ClInclude>
    <ClInclude Include="Source\Header\Component_ModelMeshResource.h">
      <Filter>ソース ファイル\Engine\BaseComponent\Renderer\Model</Filter>
    </ClInclude>
    <ClInclude Include="Source\Header\Component_ModelMeshRenderer.h">
      <Filter>ソース ファイル\Engine\BaseComponent\Renderer\Model</Filter>
    </ClInclude>
    <ClInclude Include="Source\Header\Component_IMeshResource.h">
      <Filter>ソース ファイル\Engine\BaseComponent\Renderer\UtilityMesh</Filter>
    </ClInclude>
    <ClInclude Include="Source\Header\Component_MeshRenderer.h">
      <Filter>ソース ファイル\Engine\BaseComponent\Renderer\UtilityMesh</Filter>
    </ClInclude>
    <ClInclude Include="Source\Header\Component_BillboardRenderer.h">
      <Filter>ソース ファイル\Engine\BaseComponent\Renderer\BillBoard</Filter>
    </ClInclude>
    <ClInclude Include="Source\Header\Component_BillboardResource.h">
      <Filter>ソース ファイル\Engine\BaseComponent\Renderer\BillBoard</Filter>
    </ClInclude>
    <ClInclude Include="Source\Header\Component_SkyRenderer.h">
      <Filter>ソース ファイル\Engine\BaseComponent\Renderer\Sky</Filter>
    </ClInclude>
    <ClInclude Include="Source\Header\GaussianBlur.h">
      <Filter>ソース ファイル\Engine\Graphics\PostEffect</Filter>
    </ClInclude>
    <ClInclude Include="Source\Header\EditorManager.h">
      <Filter>ソース ファイル\Engine\Editor</Filter>
    </ClInclude>
    <ClInclude Include="Source\Header\EditorBase.h">
      <Filter>ソース ファイル\Engine\Editor\Base</Filter>
    </ClInclude>
    <ClInclude Include="Source\Header\EditWindowBase.h">
      <Filter>ソース ファイル\Engine\Editor\Base</Filter>
    </ClInclude>
    <ClInclude Include="Source\Header\InspectorWindow.h">
      <Filter>ソース ファイル\Engine\Editor\Inspector</Filter>
    </ClInclude>
    <ClInclude Include="Source\Header\ObjectSelect.h">
      <Filter>ソース ファイル\Engine\Editor\Hierarchy\Editors</Filter>
    </ClInclude>
    <ClInclude Include="Source\Header\HierarchyWindow.h">
      <Filter>ソース ファイル\Engine\Editor\Hierarchy</Filter>
    </ClInclude>
    <ClInclude Include="Source\Header\InspectorEditors.h">
      <Filter>ソース ファイル\Engine\Editor\Inspector</Filter>
    </ClInclude>
    <ClInclude Include="Source\Header\Material.h">
      <Filter>ソース ファイル\Engine\Graphics\Material</Filter>
    </ClInclude>
    <ClInclude Include="Source\Header\MaterialFactory.h">
      <Filter>ソース ファイル\Engine\Graphics\Material</Filter>
    </ClInclude>
    <ClInclude Include="Source\Header\Component_Collider.h">
      <Filter>ソース ファイル\Engine\BaseComponent\Collision</Filter>
    </ClInclude>
    <ClInclude Include="Source\Header\CollisionInfo.h">
      <Filter>ソース ファイル\Engine\Collision</Filter>
    </ClInclude>
    <ClInclude Include="Source\Header\Component_BoxCollider.h">
      <Filter>ソース ファイル\Engine\BaseComponent\Collision</Filter>
    </ClInclude>
    <ClInclude Include="Source\Header\Component_SphereCollider.h">
      <Filter>ソース ファイル\Engine\BaseComponent\Collision</Filter>
    </ClInclude>
    <ClInclude Include="Source\Header\DebugMesh.h">
      <Filter>ソース ファイル\Engine\Graphics\Mesh</Filter>
    </ClInclude>
    <ClInclude Include="Source\Header\IDXResource.h">
      <Filter>ソース ファイル\Engine\Graphics</Filter>
    </ClInclude>
    <ClInclude Include="Source\Lib\DirectXTex\DirectXTex.h">
      <Filter>外部ライブラリ</Filter>
    </ClInclude>
    <ClInclude Include="Source\Header\RendererEngine.h">
      <Filter>ソース ファイル\Engine\Renderer</Filter>
    </ClInclude>
    <ClInclude Include="Source\Header\RenderPipeline.h">
      <Filter>ソース ファイル\Engine\Renderer</Filter>
    </ClInclude>
    <ClInclude Include="Source\Header\Component_PlayerController.h">
      <Filter>ソース ファイル\Game\Component\Player</Filter>
    </ClInclude>
    <ClInclude Include="Source\Header\Component_Health.h">
      <Filter>ソース ファイル\Game\Component\Character</Filter>
    </ClInclude>
    <ClInclude Include="Source\Header\Component_EnemyController.h">
      <Filter>ソース ファイル\Game\Component\Enemy</Filter>
    </ClInclude>
    <ClInclude Include="Source\Header\Ant_StateHeader.h">
      <Filter>ソース ファイル\Game\Component\Enemy\State_Ant</Filter>
    </ClInclude>
    <ClInclude Include="Source\Header\Component_TimerDestruction.h">
      <Filter>ソース ファイル\Engine\BaseComponent\Utility</Filter>
    </ClInclude>
    <ClInclude Include="Source\Header\ObjectPool.h">
      <Filter>ソース ファイル\Engine\Obj</Filter>
    </ClInclude>
    <ClInclude Include="Source\Header\Component_MoveLogic.h">
      <Filter>ソース ファイル\Engine\BaseComponent\Move</Filter>
    </ClInclude>
    <ClInclude Include="Source\Header\Component_ButtonUI.h">
      <Filter>ソース ファイル\Engine\BaseComponent\UI</Filter>
    </ClInclude>
    <ClInclude Include="Source\Header\KeyState.h">
      <Filter>ソース ファイル\Engine\Tool\KeyInput</Filter>
    </ClInclude>
    <ClInclude Include="Source\Header\Component_RectTransform.h">
      <Filter>ソース ファイル\Engine\BaseComponent\UI</Filter>
    </ClInclude>
    <ClInclude Include="Source\Header\Component_LineRenderer.h">
      <Filter>ソース ファイル\Engine\BaseComponent\Renderer\Effect</Filter>
    </ClInclude>
    <ClInclude Include="Source\Header\Component_TrailRenderer.h">
      <Filter>ソース ファイル\Engine\BaseComponent\Renderer\Effect</Filter>
    </ClInclude>
    <ClInclude Include="Source\Header\ObjectFactory.h">
      <Filter>ソース ファイル\Engine\Obj</Filter>
    </ClInclude>
    <ClInclude Include="Source\Header\Component_BulletBase.h">
      <Filter>ソース ファイル\Game\Component\Weapon\Bullet</Filter>
    </ClInclude>
    <ClInclude Include="Source\Header\Component_ExplosionBullet.h">
      <Filter>ソース ファイル\Game\Component\Weapon\Bullet</Filter>
    </ClInclude>
    <ClInclude Include="Source\Header\Component_ExplosionLightController.h">
      <Filter>ソース ファイル\Game\Component\Weapon\Bullet</Filter>
    </ClInclude>
    <ClInclude Include="Source\Header\Component_NormalBullet.h">
      <Filter>ソース ファイル\Game\Component\Weapon\Bullet</Filter>
    </ClInclude>
    <ClInclude Include="Source\Header\Component_GunWeapon.h">
      <Filter>ソース ファイル\Game\Component\Weapon\Gun</Filter>
    </ClInclude>
    <ClInclude Include="Source\Header\Component_WeaponBase.h">
      <Filter>ソース ファイル\Game\Component\Weapon</Filter>
    </ClInclude>
    <ClInclude Include="Source\Header\Gun_StateHeader.h">
      <Filter>ソース ファイル\Game\Component\Weapon\Gun\State</Filter>
    </ClInclude>
    <ClInclude Include="Source\Header\Component_WeaponController.h">
      <Filter>ソース ファイル\Game\Component\Weapon</Filter>
    </ClInclude>
    <ClInclude Include="Source\Header\ConstantBulletData.h">
      <Filter>ソース ファイル\Constant</Filter>
    </ClInclude>
    <ClInclude Include="Source\Header\ConstantWeaponData.h">
      <Filter>ソース ファイル\Constant</Filter>
    </ClInclude>
    <ClInclude Include="Source\Header\ConstantUIData.h">
      <Filter>ソース ファイル\Constant</Filter>
    </ClInclude>
    <ClInclude Include="Source\Header\SceneStateEnums.h">
      <Filter>ソース ファイル\Constant</Filter>
    </ClInclude>
    <ClInclude Include="Source\Header\ConstantPlayerData.h">
      <Filter>ソース ファイル\Constant</Filter>
    </ClInclude>
    <ClInclude Include="Source\Header\ConstantUtilityData.h">
      <Filter>ソース ファイル\Constant</Filter>
    </ClInclude>
    <ClInclude Include="Source\Header\Component_BuildingController.h">
      <Filter>ソース ファイル\Game\Component\Building</Filter>
    </ClInclude>
    <ClInclude Include="Source\Header\Building_State.h">
      <Filter>ソース ファイル\Game\Component\Building\State_Building</Filter>
    </ClInclude>
    <ClInclude Include="Source\Header\ConstantBuildingData.h">
      <Filter>ソース ファイル\Constant</Filter>
    </ClInclude>
    <ClInclude Include="Source\Header\ConstantEnemyData.h">
      <Filter>ソース ファイル\Constant</Filter>
    </ClInclude>
    <ClInclude Include="Source\Header\Component_MiniMapRader.h">
      <Filter>ソース ファイル\Game\Component\UI</Filter>
    </ClInclude>
    <ClInclude Include="Source\Header\Component_Faction.h">
      <Filter>ソース ファイル\Game\Component\Character</Filter>
    </ClInclude>
    <ClInclude Include="Source\Header\Component_Player_HPBar.h">
      <Filter>ソース ファイル\Game\Component\UI</Filter>
    </ClInclude>
    <ClInclude Include="Source\Header\IMoveBehaviour.h">
      <Filter>ソース ファイル\Engine\BaseComponent\Move\Behaviour</Filter>
    </ClInclude>
    <ClInclude Include="Source\Header\LinearMove_Behaviour.h">
      <Filter>ソース ファイル\Engine\BaseComponent\Move\Behaviour</Filter>
    </ClInclude>
    <ClInclude Include="Source\Header\HormingMove_Behaviour.h">
      <Filter>ソース ファイル\Engine\BaseComponent\Move\Behaviour</Filter>
    </ClInclude>
    <ClInclude Include="Source\Header\Component_Item.h">
      <Filter>ソース ファイル\Game\Component\Item</Filter>
    </ClInclude>
    <ClInclude Include="Source\Header\DataManager.h">
      <Filter>ソース ファイル\Singleton\Resource</Filter>
    </ClInclude>
    <ClInclude Include="Source\Header\ResourceManager.h">
      <Filter>ソース ファイル\Singleton\Resource</Filter>
    </ClInclude>
    <ClInclude Include="Source\Header\SoundManager.h">
      <Filter>ソース ファイル\Singleton\Resource</Filter>
    </ClInclude>
    <ClInclude Include="Source\Header\RandomManager.h">
      <Filter>ソース ファイル\Singleton\System</Filter>
    </ClInclude>
    <ClInclude Include="Source\Header\InputManager.h">
      <Filter>ソース ファイル\Singleton\System</Filter>
    </ClInclude>
    <ClInclude Include="Source\Header\Debugger.h">
      <Filter>ソース ファイル\Singleton\Debug</Filter>
    </ClInclude>
    <ClInclude Include="Source\Header\WeaponDataManager.h">
      <Filter>ソース ファイル\Singleton\Game</Filter>
    </ClInclude>
    <ClInclude Include="Source\Header\BulletManager.h">
      <Filter>ソース ファイル\Singleton\Game</Filter>
    </ClInclude>
    <ClInclude Include="Source\Header\BlendManager.h">
      <Filter>ソース ファイル\Singleton\Graphic</Filter>
    </ClInclude>
    <ClInclude Include="Source\Header\LightManager.h">
      <Filter>ソース ファイル\Singleton\Graphic</Filter>
    </ClInclude>
    <ClInclude Include="Source\Header\TransientPointLightPool.h">
      <Filter>ソース ファイル\Singleton\Graphic</Filter>
    </ClInclude>
    <ClInclude Include="Source\Header\ShaderManager.h">
      <Filter>ソース ファイル\Singleton\Graphic</Filter>
    </ClInclude>
    <ClInclude Include="Source\Header\DirectWriteManager.h">
      <Filter>ソース ファイル\Singleton\Graphic</Filter>
    </ClInclude>
    <ClInclude Include="Source\Header\TragetManager.h">
      <Filter>ソース ファイル\Singleton\Game</Filter>
    </ClInclude>
    <ClInclude Include="Source\Header\ItemManager.h">
      <Filter>ソース ファイル\Singleton\Game</Filter>
    </ClInclude>
    <ClInclude Include="Source\Header\MissionDirector.h">
      <Filter>ソース ファイル\Singleton\Game</Filter>
    </ClInclude>
    <ClInclude Include="Source\Header\CollisionManager.h">
      <Filter>ソース ファイル\Singleton\System</Filter>
    </ClInclude>
    <ClInclude Include="Source\Header\GameManager.h">
      <Filter>ソース ファイル\Game</Filter>
    </ClInclude>
    <ClInclude Include="Source\Header\TimeManager.h">
      <Filter>ソース ファイル\Singleton\System</Filter>
    </ClInclude>
    <ClInclude Include="Source\Header\ResultScene_StateHeader.h">
      <Filter>ソース ファイル\Game\Scene\Head</Filter>
    </ClInclude>
    <ClInclude Include="Source\Header\TitleScene_StateHeader.h">
      <Filter>ソース ファイル\Game\Scene\Head</Filter>
    </ClInclude>
    <ClInclude Include="Source\Header\GameScene_StateHeader.h">
      <Filter>ソース ファイル\Game\Scene\Head</Filter>
    </ClInclude>
    <ClInclude Include="Source\Header\Component_ConfigSetting.h">
      <Filter>ソース ファイル\Game\Component\UI</Filter>
    </ClInclude>
    <ClInclude Include="Source\Header\Component_DecalRenderer.h">
      <Filter>ソース ファイル\Engine\BaseComponent\Renderer\Effect</Filter>
    </ClInclude>
    <ClInclude Include="Source\Header\Octahedron_StateHeader.h">
      <Filter>ソース ファイル\Game\Component\Enemy\State_Octahedron</Filter>
    </ClInclude>
    <ClInclude Include="Source\Header\Component_DistortionEffect.h">
      <Filter>ソース ファイル\Engine\BaseComponent\Effect</Filter>
    </ClInclude>
    <ClInclude Include="Source\Header\ConstantBuffer.h">
      <Filter>ソース ファイル\Engine\Graphics\ConstantBuffer</Filter>
    </ClInclude>
    <ClInclude Include="Source\Header\IConstantBuffer.h">
      <Filter>ソース ファイル\Engine\Graphics\ConstantBuffer</Filter>
    </ClInclude>
    <ClInclude Include="Source\Header\Component_MuzzleFlashEffect.h">
      <Filter>ソース ファイル\Game\Component\Weapon</Filter>
    </ClInclude>
    <ClInclude Include="Source\Header\Component_Physics.h">
      <Filter>ソース ファイル\Engine\BaseComponent\Move</Filter>
    </ClInclude>
    <ClInclude Include="Source\Header\ConstantRenderData.h">
      <Filter>ソース ファイル\Constant</Filter>
    </ClInclude>
    <ClInclude Include="Source\Header\Component_Bullet.h">
      <Filter>ソース ファイル\Game\Component\Weapon\Bullet</Filter>
    </ClInclude>
    <ClInclude Include="Source\Header\BulletBehaviour.h">
      <Filter>ソース ファイル\Game\Component\Weapon\Bullet\Behaviour</Filter>
    </ClInclude>
    <ClInclude Include="Source\Header\Frustum.h">
      <Filter>ソース ファイル\Engine\Graphics\Frustum</Filter>
    </ClInclude>
    <ClInclude Include="Source\Header\BuildingStateFactory.h">
      <Filter>ソース ファイル\Game\StateFactory</Filter>
    </ClInclude>
    <ClInclude Include="Source\Header\EnemyStateFactory.h">
      <Filter>ソース ファイル\Game\StateFactory</Filter>
    </ClInclude>
    <ClInclude Include="Source\Header\SceneFactory.h">
      <Filter>ソース ファイル\Game\StateFactory</Filter>
    </ClInclude>
    <ClInclude Include="Source\Header\WeaponStateFactory.h">
      <Filter>ソース ファイル\Game\StateFactory</Filter>
    </ClInclude>
    <ClInclude Include="Source\Header\Helper.h">
      <Filter>ソース ファイル\Engine\Tool\Utils</Filter>
    </ClInclude>
    <ClInclude Include="Source\Header\Path.h">
      <Filter>ソース ファイル\Engine\Tool\Utils</Filter>
    </ClInclude>
    <ClInclude Include="Source\Header\Tween.h">
      <Filter>ソース ファイル\Engine\Tool\Utils</Filter>
    </ClInclude>
    <ClInclude Include="Source\Header\RenderQueue.h">
      <Filter>ソース ファイル\Engine\Renderer</Filter>
    </ClInclude>
    <ClInclude Include="Source\Header\RenderCommand.h">
      <Filter>ソース ファイル\Engine\Renderer</Filter>
    </ClInclude>
    <ClInclude Include="Source\Header\Component_Render.h">
      <Filter>ソース ファイル\Engine\BaseComponent\Renderer\UtilityMesh</Filter>
    </ClInclude>
    <ClInclude Include="resource.h">
      <Filter>リソース ファイル</Filter>
    </ClInclude>
    <ClInclude Include="Source\Header\Grid3D.h">
      <Filter>ソース ファイル\Engine\Collision</Filter>
    </ClInclude>
    <ClInclude Include="Source\Header\Unit.h">
      <Filter>ソース ファイル\Engine\Collision</Filter>
    </ClInclude>
    <ClInclude Include="Source\Header\Component_SpotLight.h">
      <Filter>ソース ファイル\Engine\BaseComponent\Light</Filter>
    </ClInclude>
    <ClInclude Include="Source\Header\BuildingManager.h">
      <Filter>ソース ファイル\Singleton\Game</Filter>
    </ClInclude>
    <ClInclude Include="Source\Header\UIManager.h">
      <Filter>ソース ファイル\Singleton\Resource</Filter>
    </ClInclude>
    <ClInclude Include="Source\Header\TweenManager.h">
      <Filter>ソース ファイル\Singleton\Resource</Filter>
    </ClInclude>
    <ClInclude Include="Source\Header\GameObjectManager.h">
      <Filter>ソース ファイル\Singleton\Resource</Filter>
    </ClInclude>
    <ClInclude Include="Source\Header\EffectManager.h">
      <Filter>ソース ファイル\Singleton\Resource</Filter>
    </ClInclude>
    <ClInclude Include="Source\Header\Master.h">
      <Filter>ソース ファイル\Singleton</Filter>
    </ClInclude>
    <ClInclude Include="Source\Header\EventCondition.h">
      <Filter>ソース ファイル\Game\Event</Filter>
    </ClInclude>
    <ClInclude Include="Source\Header\MissionAction.h">
      <Filter>ソース ファイル\Game\Event</Filter>
    </ClInclude>
    <ClInclude Include="Source\Header\MissionEvent.h">
      <Filter>ソース ファイル\Game\Event</Filter>
    </ClInclude>
    <ClInclude Include="Source\Header\ScriptManager.h">
      <Filter>ソース ファイル\Singleton\System</Filter>
    </ClInclude>
    <ClInclude Include="Source\Lib\angelscript\add_on\scriptbuilder\scriptbuilder.h">
      <Filter>外部ライブラリ\AS_add_on\scriptbuilder</Filter>
    </ClInclude>
    <ClInclude Include="Source\Lib\angelscript\add_on\scriptstdstring\scriptstdstring.h">
      <Filter>外部ライブラリ\AS_add_on\scriptstdstring</Filter>
    </ClInclude>
    <ClInclude Include="Source\Lib\angelscript\add_on\scriptarray\scriptarray.h">
      <Filter>外部ライブラリ\AS_add_on\scriptarray</Filter>
    </ClInclude>
    <ClInclude Include="Source\Lib\angelscript\add_on\scriptmath\scriptmath.h">
      <Filter>外部ライブラリ\AS_add_on\scriptmath</Filter>
    </ClInclude>
    <ClInclude Include="Source\Lib\angelscript\add_on\scriptmath\scriptmathcomplex.h">
      <Filter>外部ライブラリ\AS_add_on\scriptmath</Filter>
    </ClInclude>
    <ClInclude Include="Source\Lib\angelscript\add_on\scripthelper\scripthelper.h">
      <Filter>外部ライブラリ\AS_add_on\scripthelper</Filter>
    </ClInclude>
    <ClInclude Include="Source\Header\AS_CoreAPI.h">
      <Filter>ソース ファイル\Scripts\RegisterAPI\Core</Filter>
    </ClInclude>
    <ClInclude Include="Source\Header\AS_MathAPI.h">
      <Filter>ソース ファイル\Scripts\RegisterAPI\Math</Filter>
    </ClInclude>
    <ClInclude Include="Source\Header\AS_GameAPI.h">
      <Filter>ソース ファイル\Scripts\RegisterAPI\Game</Filter>
    </ClInclude>
    <ClInclude Include="Source\Header\AS_AudioAPI.h">
      <Filter>ソース ファイル\Scripts\RegisterAPI\Audio</Filter>
    </ClInclude>
    <ClInclude Include="Source\Header\EnemyManager.h">
      <Filter>ソース ファイル\Singleton\Game</Filter>
    </ClInclude>
    <ClInclude Include="Source\Header\EnemyFactory.h">
      <Filter>ソース ファイル\Game\Factory</Filter>
    </ClInclude>
    <ClInclude Include="Source\Header\Component_MeshCollider.h">
      <Filter>ソース ファイル\Engine\BaseComponent\Collision</Filter>
    </ClInclude>
  </ItemGroup>
  <ItemGroup>
    <None Include="Source\Shader\ConstantBuffers_H.hlsli">
      <Filter>HLSL\HEAD</Filter>
    </None>
    <None Include="Source\Shader\Constants_H.hlsli">
      <Filter>HLSL\HEAD</Filter>
    </None>
    <None Include="Source\Shader\DebugFunctions_H.hlsli">
      <Filter>HLSL\HEAD</Filter>
    </None>
    <None Include="Source\Shader\LightFunctions_H.hlsli">
      <Filter>HLSL\HEAD</Filter>
    </None>
    <None Include="Source\Shader\UtilityFunctions_H.hlsli">
      <Filter>HLSL\HEAD</Filter>
    </None>
    <None Include="Source\Shader\IO_VS_Struct_H.hlsli">
      <Filter>HLSL\HEAD</Filter>
    </None>
    <None Include="Source\Lib\DirectXTex\DirectXTex.inl">
      <Filter>外部ライブラリ</Filter>
    </None>
    <None Include="Source\Lib\DirectXTex\DirectXTex.pdb">
      <Filter>外部ライブラリ</Filter>
    </None>
    <None Include="Source\VS_Template\Template_Component.cpp">
      <Filter>項目テンプレ</Filter>
    </None>
    <None Include="Source\VS_Template\Template_Component.h">
      <Filter>項目テンプレ</Filter>
    </None>
    <None Include="packages.config" />
    <None Include="Resource\MISSION_AS\test.as">
      <Filter>ソース ファイル\Game\AS</Filter>
    </None>
    <None Include="cpp.hint" />
  </ItemGroup>
  <ItemGroup>
    <FxCompile Include="Source\Shader\Skinned_VS.hlsl">
      <Filter>HLSL\VS</Filter>
    </FxCompile>
    <FxCompile Include="Source\Shader\Static_VS.hlsl">
      <Filter>HLSL\VS</Filter>
    </FxCompile>
    <FxCompile Include="Source\Shader\Sprite_VS.hlsl">
      <Filter>HLSL\VS</Filter>
    </FxCompile>
    <FxCompile Include="Source\Shader\GBuffer_Simple_PS.hlsl">
      <Filter>HLSL\PS\Defferd\GPath</Filter>
    </FxCompile>
    <FxCompile Include="Source\Shader\GBuffer_Standard_PS.hlsl">
      <Filter>HLSL\PS\Defferd\GPath</Filter>
    </FxCompile>
    <FxCompile Include="Source\Shader\LightingPath_Standard_PS.hlsl">
      <Filter>HLSL\PS\Defferd\LightingPath</Filter>
    </FxCompile>
    <FxCompile Include="Source\Shader\Sprite_PS.hlsl">
      <Filter>HLSL\PS\Foward</Filter>
    </FxCompile>
    <FxCompile Include="Source\Shader\Simple_PS.hlsl">
      <Filter>HLSL\PS\Foward</Filter>
    </FxCompile>
    <FxCompile Include="Source\Shader\Skybox_VS.hlsl">
      <Filter>HLSL\VS</Filter>
    </FxCompile>
    <FxCompile Include="Source\Shader\XBlur_VS.hlsl">
      <Filter>HLSL\VS</Filter>
    </FxCompile>
    <FxCompile Include="Source\Shader\YBlur_VS.hlsl">
      <Filter>HLSL\VS</Filter>
    </FxCompile>
    <FxCompile Include="Source\Shader\SkyBox_PS.hlsl">
      <Filter>HLSL\PS\Foward</Filter>
    </FxCompile>
    <FxCompile Include="Source\Shader\Static_Tan_VS.hlsl">
      <Filter>HLSL\VS</Filter>
    </FxCompile>
    <FxCompile Include="Source\Shader\GaussianBlur_PS.hlsl">
      <Filter>HLSL\PS\PostEffect</Filter>
    </FxCompile>
    <FxCompile Include="Source\Shader\HighLuminanceFilter_PS.hlsl">
      <Filter>HLSL\PS\PostEffect</Filter>
    </FxCompile>
    <FxCompile Include="Source\Shader\KawaseFilter_PS.hlsl">
      <Filter>HLSL\PS\PostEffect</Filter>
    </FxCompile>
    <FxCompile Include="Source\Shader\DoF_Filter_PS.hlsl">
      <Filter>HLSL\PS\PostEffect</Filter>
    </FxCompile>
    <FxCompile Include="Source\Shader\ShadowMap_Skinned.hlsl">
      <Filter>HLSL\Shadow</Filter>
    </FxCompile>
    <FxCompile Include="Source\Shader\ToneMappingFilter_PS.hlsl">
      <Filter>HLSL\PS\PostEffect</Filter>
    </FxCompile>
    <FxCompile Include="Source\Shader\ShadowMap.hlsl">
      <Filter>HLSL\Shadow</Filter>
    </FxCompile>
    <FxCompile Include="Source\Shader\Trail_VS.hlsl">
      <Filter>HLSL\VS</Filter>
    </FxCompile>
    <FxCompile Include="Source\Shader\Decal_PS.hlsl">
      <Filter>HLSL\PS\Foward</Filter>
    </FxCompile>
    <FxCompile Include="Source\Shader\Sprite_NoTexture_PS.hlsl">
      <Filter>HLSL\PS\Foward</Filter>
    </FxCompile>
    <FxCompile Include="Source\Shader\Distortion_PS.hlsl">
      <Filter>HLSL\PS\Foward</Filter>
    </FxCompile>
    <FxCompile Include="Source\Shader\Distortion_VS.hlsl">
      <Filter>HLSL\VS</Filter>
    </FxCompile>
  </ItemGroup>
  <ItemGroup>
    <Library Include="Source\Lib\DirectXTex\DirectXTexd.lib">
      <Filter>外部ライブラリ</Filter>
    </Library>
    <Library Include="Source\Lib\DirectXTex\DirectXTex.lib">
      <Filter>外部ライブラリ</Filter>
    </Library>
  </ItemGroup>
  <ItemGroup>
    <Text Include="Source\CordingRules\HLSL_CordingRule.txt">
      <Filter>CordingRules</Filter>
    </Text>
    <Text Include="Source\CordingRules\CPP_CordingRule.txt">
      <Filter>CordingRules</Filter>
    </Text>
    <Text Include="Schedule.txt">
      <Filter>memo</Filter>
    </Text>
    <Text Include="Source\CordingRules\CPP_CommentRule.txt">
      <Filter>CordingRules</Filter>
    </Text>
  </ItemGroup>
  <ItemGroup>
    <ResourceCompile Include="DX11MyEngine.rc">
      <Filter>リソース ファイル</Filter>
    </ResourceCompile>
  </ItemGroup>
  <ItemGroup>
    <Image Include="Resource\Texture\Other\IA_Icon.ico">
      <Filter>リソース ファイル</Filter>
    </Image>
  </ItemGroup>
</Project>